PODS:
  - app_links (0.0.2):
    - Flutter
  - AppAuth (1.7.6):
    - AppAuth/Core (= 1.7.6)
    - AppAuth/ExternalUserAgent (= 1.7.6)
  - AppAuth/Core (1.7.6)
  - AppAuth/ExternalUserAgent (1.7.6):
    - AppAuth/Core
  - async_preferences (0.0.1):
    - Flutter
  - Firebase/CoreOnly (11.8.0):
    - FirebaseCore (~> 11.8.0)
  - Firebase/Messaging (11.8.0):
    - Firebase/CoreOnly
    - FirebaseMessaging (~> 11.8.0)
  - firebase_core (3.12.1):
    - Firebase/CoreOnly (= 11.8.0)
    - Flutter
  - firebase_messaging (15.2.4):
    - Firebase/Messaging (= 11.8.0)
    - firebase_core
    - Flutter
  - FirebaseCore (11.8.1):
    - FirebaseCoreInternal (~> 11.8.0)
    - GoogleUtilities/Environment (~> 8.0)
    - GoogleUtilities/Logger (~> 8.0)
  - FirebaseCoreInternal (11.8.0):
    - "GoogleUtilities/NSData+zlib (~> 8.0)"
  - FirebaseInstallations (11.8.0):
    - FirebaseCore (~> 11.8.0)
    - GoogleUtilities/Environment (~> 8.0)
    - GoogleUtilities/UserDefaults (~> 8.0)
    - PromisesObjC (~> 2.4)
  - FirebaseMessaging (11.8.0):
    - FirebaseCore (~> 11.8.0)
    - FirebaseInstallations (~> 11.0)
    - GoogleDataTransport (~> 10.0)
    - GoogleUtilities/AppDelegateSwizzler (~> 8.0)
    - GoogleUtilities/Environment (~> 8.0)
    - GoogleUtilities/Reachability (~> 8.0)
    - GoogleUtilities/UserDefaults (~> 8.0)
    - nanopb (~> 3.30910.0)
  - Flutter (1.0.0)
  - flutter_keyboard_visibility (0.0.1):
    - Flutter
  - flutter_local_notifications (0.0.1):
    - Flutter
  - flutter_native_splash (2.4.3):
    - Flutter
  - Google-Mobile-Ads-SDK (11.10.0):
    - GoogleUserMessagingPlatform (>= 1.1)
  - google_mobile_ads (5.2.0):
    - Flutter
    - Google-Mobile-Ads-SDK (~> 11.10.0)
    - webview_flutter_wkwebview
  - google_sign_in_ios (0.0.1):
    - AppAuth (>= 1.7.4)
    - Flutter
    - FlutterMacOS
    - GoogleSignIn (~> 7.1)
    - GTMSessionFetcher (>= 3.4.0)
  - GoogleDataTransport (10.1.0):
    - nanopb (~> 3.30910.0)
    - PromisesObjC (~> 2.4)
  - GoogleSignIn (7.1.0):
    - AppAuth (< 2.0, >= 1.7.3)
    - GTMAppAuth (< 5.0, >= 4.1.1)
    - GTMSessionFetcher/Core (~> 3.3)
  - GoogleUserMessagingPlatform (3.0.0)
  - GoogleUtilities/AppDelegateSwizzler (8.0.2):
    - GoogleUtilities/Environment
    - GoogleUtilities/Logger
    - GoogleUtilities/Network
    - GoogleUtilities/Privacy
  - GoogleUtilities/Environment (8.0.2):
    - GoogleUtilities/Privacy
  - GoogleUtilities/Logger (8.0.2):
    - GoogleUtilities/Environment
    - GoogleUtilities/Privacy
  - GoogleUtilities/Network (8.0.2):
    - GoogleUtilities/Logger
    - "GoogleUtilities/NSData+zlib"
    - GoogleUtilities/Privacy
    - GoogleUtilities/Reachability
  - "GoogleUtilities/NSData+zlib (8.0.2)":
    - GoogleUtilities/Privacy
  - GoogleUtilities/Privacy (8.0.2)
  - GoogleUtilities/Reachability (8.0.2):
    - GoogleUtilities/Logger
    - GoogleUtilities/Privacy
  - GoogleUtilities/UserDefaults (8.0.2):
    - GoogleUtilities/Logger
    - GoogleUtilities/Privacy
  - GTMAppAuth (4.1.1):
    - AppAuth/Core (~> 1.7)
    - GTMSessionFetcher/Core (< 4.0, >= 3.3)
  - GTMSessionFetcher (3.5.0):
    - GTMSessionFetcher/Full (= 3.5.0)
  - GTMSessionFetcher/Core (3.5.0)
  - GTMSessionFetcher/Full (3.5.0):
    - GTMSessionFetcher/Core
  - nanopb (3.30910.0):
    - nanopb/decode (= 3.30910.0)
    - nanopb/encode (= 3.30910.0)
  - nanopb/decode (3.30910.0)
  - nanopb/encode (3.30910.0)
  - path_provider_foundation (0.0.1):
    - Flutter
    - FlutterMacOS
  - pointer_interceptor_ios (0.0.1):
    - Flutter
  - PromisesObjC (2.4.0)
  - shared_preferences_foundation (0.0.1):
    - Flutter
    - FlutterMacOS
  - sign_in_with_apple (0.0.1):
    - Flutter
  - url_launcher_ios (0.0.1):
    - Flutter
  - webview_flutter_wkwebview (0.0.1):
    - Flutter
    - FlutterMacOS

DEPENDENCIES:
  - app_links (from `.symlinks/plugins/app_links/ios`)
  - async_preferences (from `.symlinks/plugins/async_preferences/ios`)
  - firebase_core (from `.symlinks/plugins/firebase_core/ios`)
  - firebase_messaging (from `.symlinks/plugins/firebase_messaging/ios`)
  - Flutter (from `Flutter`)
  - flutter_keyboard_visibility (from `.symlinks/plugins/flutter_keyboard_visibility/ios`)
  - flutter_local_notifications (from `.symlinks/plugins/flutter_local_notifications/ios`)
  - flutter_native_splash (from `.symlinks/plugins/flutter_native_splash/ios`)
  - google_mobile_ads (from `.symlinks/plugins/google_mobile_ads/ios`)
  - google_sign_in_ios (from `.symlinks/plugins/google_sign_in_ios/darwin`)
  - path_provider_foundation (from `.symlinks/plugins/path_provider_foundation/darwin`)
  - pointer_interceptor_ios (from `.symlinks/plugins/pointer_interceptor_ios/ios`)
  - shared_preferences_foundation (from `.symlinks/plugins/shared_preferences_foundation/darwin`)
  - sign_in_with_apple (from `.symlinks/plugins/sign_in_with_apple/ios`)
  - url_launcher_ios (from `.symlinks/plugins/url_launcher_ios/ios`)
  - webview_flutter_wkwebview (from `.symlinks/plugins/webview_flutter_wkwebview/darwin`)

SPEC REPOS:
  trunk:
    - AppAuth
    - Firebase
    - FirebaseCore
    - FirebaseCoreInternal
    - FirebaseInstallations
    - FirebaseMessaging
    - Google-Mobile-Ads-SDK
    - GoogleDataTransport
    - GoogleSignIn
    - GoogleUserMessagingPlatform
    - GoogleUtilities
    - GTMAppAuth
    - GTMSessionFetcher
    - nanopb
    - PromisesObjC

EXTERNAL SOURCES:
  app_links:
    :path: ".symlinks/plugins/app_links/ios"
  async_preferences:
    :path: ".symlinks/plugins/async_preferences/ios"
  firebase_core:
    :path: ".symlinks/plugins/firebase_core/ios"
  firebase_messaging:
    :path: ".symlinks/plugins/firebase_messaging/ios"
  Flutter:
    :path: Flutter
  flutter_keyboard_visibility:
    :path: ".symlinks/plugins/flutter_keyboard_visibility/ios"
  flutter_local_notifications:
    :path: ".symlinks/plugins/flutter_local_notifications/ios"
  flutter_native_splash:
    :path: ".symlinks/plugins/flutter_native_splash/ios"
  google_mobile_ads:
    :path: ".symlinks/plugins/google_mobile_ads/ios"
  google_sign_in_ios:
    :path: ".symlinks/plugins/google_sign_in_ios/darwin"
  path_provider_foundation:
    :path: ".symlinks/plugins/path_provider_foundation/darwin"
  pointer_interceptor_ios:
    :path: ".symlinks/plugins/pointer_interceptor_ios/ios"
  shared_preferences_foundation:
    :path: ".symlinks/plugins/shared_preferences_foundation/darwin"
  sign_in_with_apple:
    :path: ".symlinks/plugins/sign_in_with_apple/ios"
  url_launcher_ios:
    :path: ".symlinks/plugins/url_launcher_ios/ios"
  webview_flutter_wkwebview:
    :path: ".symlinks/plugins/webview_flutter_wkwebview/darwin"

SPEC CHECKSUMS:
  app_links: 76b66b60cc809390ca1ad69bfd66b998d2387ac7
  AppAuth: d4f13a8fe0baf391b2108511793e4b479691fb73
  async_preferences: 3295a84749baec35e004440eaddd4458fdc61b94
  Firebase: d80354ed7f6df5f9aca55e9eb47cc4b634735eaf
  firebase_core: 8d552814f6c01ccde5d88939fced4ec26f2f5510
  firebase_messaging: 8b96a4f09841c15a16b96973ef5c3dcfc1a064e4
  FirebaseCore: 99fe0c4b44a39f37d99e6404e02009d2db5d718d
  FirebaseCoreInternal: df24ce5af28864660ecbd13596fc8dd3a8c34629
  FirebaseInstallations: 6c963bd2a86aca0481eef4f48f5a4df783ae5917
  FirebaseMessaging: 487b634ccdf6f7b7ff180fdcb2a9935490f764e8
  Flutter: e0871f40cf51350855a761d2e70bf5af5b9b5de7
  flutter_keyboard_visibility: 4625131e43015dbbe759d9b20daaf77e0e3f6619
  flutter_local_notifications: a5a732f069baa862e728d839dd2ebb904737effb
  flutter_native_splash: c32d145d68aeda5502d5f543ee38c192065986cf
  Google-Mobile-Ads-SDK: 13e6e98edfd78ad8d8a791edb927658cc260a56f
  google_mobile_ads: dc2b2a5884bef7ab2b4ff30022a513df5373e208
  google_sign_in_ios: 19297361f2c51d7d8ac0201b866ef1fa5d1f94a8
  GoogleDataTransport: aae35b7ea0c09004c3797d53c8c41f66f219d6a7
  GoogleSignIn: d4281ab6cf21542b1cfaff85c191f230b399d2db
  GoogleUserMessagingPlatform: f8d0cdad3ca835406755d0a69aa634f00e76d576
  GoogleUtilities: 26a3abef001b6533cf678d3eb38fd3f614b7872d
  GTMAppAuth: f69bd07d68cd3b766125f7e072c45d7340dea0de
  GTMSessionFetcher: 5aea5ba6bd522a239e236100971f10cb71b96ab6
  nanopb: fad817b59e0457d11a5dfbde799381cd727c1275
  path_provider_foundation: 080d55be775b7414fd5a5ef3ac137b97b097e564
  pointer_interceptor_ios: ec847ef8b0915778bed2b2cef636f4d177fa8eed
  PromisesObjC: f5707f49cb48b9636751c5b2e7d227e43fba9f47
  shared_preferences_foundation: 9e1978ff2562383bd5676f64ec4e9aa8fa06a6f7
  sign_in_with_apple: c5dcc141574c8c54d5ac99dd2163c0c72ad22418
  url_launcher_ios: 694010445543906933d732453a59da0a173ae33d
  webview_flutter_wkwebview: 1821ceac936eba6f7984d89a9f3bcb4dea99ebb2

PODFILE CHECKSUM: ae9e65fc23486119b8e977fd41d9213f251e537a

COCOAPODS: 1.16.2
